// !$*UTF8*$!
{
	archiveVersion = 1;
	classes = {
	};
	objectVersion = 48;
	objects = {

/* Begin PBXBuildFile section */
		4CAF4054E4555230E8215503 /* Pods_MoviesUITests.framework in Frameworks */ = {isa = PBXBuildFile; fileRef = 326DD6472A549C8CC86479BF /* Pods_MoviesUITests.framework */; };
		973992186EEE5D735FB33276 /* Pods_Movies.framework in Frameworks */ = {isa = PBXBuildFile; fileRef = 4AF1C7E474EE9741E106A730 /* Pods_Movies.framework */; };
		9C36190B20011A91000D4E39 /* PopularFilmsPresenter.swift in Sources */ = {isa = PBXBuildFile; fileRef = 9C36190520011A91000D4E39 /* PopularFilmsPresenter.swift */; };
		9C36190C20011A91000D4E39 /* PopularFilmsRouter.swift in Sources */ = {isa = PBXBuildFile; fileRef = 9C36190620011A91000D4E39 /* PopularFilmsRouter.swift */; };
		9C36190D20011A91000D4E39 /* PopularFilmsModels.swift in Sources */ = {isa = PBXBuildFile; fileRef = 9C36190720011A91000D4E39 /* PopularFilmsModels.swift */; };
		9C36190E20011A91000D4E39 /* PopularFilmsViewController.swift in Sources */ = {isa = PBXBuildFile; fileRef = 9C36190820011A91000D4E39 /* PopularFilmsViewController.swift */; };
		9C36190F20011A91000D4E39 /* PopularFilmsInteractor.swift in Sources */ = {isa = PBXBuildFile; fileRef = 9C36190920011A91000D4E39 /* PopularFilmsInteractor.swift */; };
		9C36191020011A91000D4E39 /* PopularFilmsConfigurator.swift in Sources */ = {isa = PBXBuildFile; fileRef = 9C36190A20011A91000D4E39 /* PopularFilmsConfigurator.swift */; };
		9C3619132001201B000D4E39 /* PopularFilmCell.xib in Resources */ = {isa = PBXBuildFile; fileRef = 9C3619122001201B000D4E39 /* PopularFilmCell.xib */; };
		9C3B2DDC1FFD62C40031AEC1 /* URLs.swift in Sources */ = {isa = PBXBuildFile; fileRef = 9C3B2DDB1FFD62C40031AEC1 /* URLs.swift */; };
		9C3B2DDE1FFD657B0031AEC1 /* APIKeys.swift in Sources */ = {isa = PBXBuildFile; fileRef = 9C3B2DDD1FFD657B0031AEC1 /* APIKeys.swift */; };
		9C3B2DE21FFD67E10031AEC1 /* TmdbAPIStore.swift in Sources */ = {isa = PBXBuildFile; fileRef = 9C3B2DE11FFD67E10031AEC1 /* TmdbAPIStore.swift */; };
		9C3B2DE51FFFD0650031AEC1 /* Film.swift in Sources */ = {isa = PBXBuildFile; fileRef = 9C3B2DE41FFFD0650031AEC1 /* Film.swift */; };
		9C3B2DEA1FFFD2960031AEC1 /* FilmMapper.swift in Sources */ = {isa = PBXBuildFile; fileRef = 9C3B2DE91FFFD2960031AEC1 /* FilmMapper.swift */; };
		9C3B2DED1FFFD4480031AEC1 /* ResponseSerializable.swift in Sources */ = {isa = PBXBuildFile; fileRef = 9C3B2DEC1FFFD4480031AEC1 /* ResponseSerializable.swift */; };
		9C3B2DFF2000EE300031AEC1 /* PopularFilmCell.swift in Sources */ = {isa = PBXBuildFile; fileRef = 9C3B2DFE2000EE300031AEC1 /* PopularFilmCell.swift */; };
		9C3B2E02200117750031AEC1 /* TableView+PopularFilmsVC.swift in Sources */ = {isa = PBXBuildFile; fileRef = 9C3B2E01200117750031AEC1 /* TableView+PopularFilmsVC.swift */; };
		9C86C90E200151020098C21C /* SearchBar+PopularFilmsVC.swift in Sources */ = {isa = PBXBuildFile; fileRef = 9C86C90D200151020098C21C /* SearchBar+PopularFilmsVC.swift */; };
		9CF34ECB1FFD55CC0025C19C /* AppDelegate.swift in Sources */ = {isa = PBXBuildFile; fileRef = 9CF34ECA1FFD55CC0025C19C /* AppDelegate.swift */; };
		9CF34ED01FFD55CC0025C19C /* Main.storyboard in Resources */ = {isa = PBXBuildFile; fileRef = 9CF34ECE1FFD55CC0025C19C /* Main.storyboard */; };
		9CF34ED21FFD55CC0025C19C /* Assets.xcassets in Resources */ = {isa = PBXBuildFile; fileRef = 9CF34ED11FFD55CC0025C19C /* Assets.xcassets */; };
		9CF34ED51FFD55CC0025C19C /* LaunchScreen.storyboard in Resources */ = {isa = PBXBuildFile; fileRef = 9CF34ED31FFD55CC0025C19C /* LaunchScreen.storyboard */; };
		9CF34EE01FFD55CC0025C19C /* MoviesTests.swift in Sources */ = {isa = PBXBuildFile; fileRef = 9CF34EDF1FFD55CC0025C19C /* MoviesTests.swift */; };
		9CF34EEB1FFD55CC0025C19C /* MoviesUITests.swift in Sources */ = {isa = PBXBuildFile; fileRef = 9CF34EEA1FFD55CC0025C19C /* MoviesUITests.swift */; };
		CB8F7F42C3E8EF37B2BB92E8 /* Pods_MoviesTests.framework in Frameworks */ = {isa = PBXBuildFile; fileRef = 8F7F63AD3184D4F848368E7C /* Pods_MoviesTests.framework */; };
/* End PBXBuildFile section */

/* Begin PBXContainerItemProxy section */
		9CF34EDC1FFD55CC0025C19C /* PBXContainerItemProxy */ = {
			isa = PBXContainerItemProxy;
			containerPortal = 9CF34EBF1FFD55CB0025C19C /* Project object */;
			proxyType = 1;
			remoteGlobalIDString = 9CF34EC61FFD55CC0025C19C;
			remoteInfo = Movies;
		};
		9CF34EE71FFD55CC0025C19C /* PBXContainerItemProxy */ = {
			isa = PBXContainerItemProxy;
			containerPortal = 9CF34EBF1FFD55CB0025C19C /* Project object */;
			proxyType = 1;
			remoteGlobalIDString = 9CF34EC61FFD55CC0025C19C;
			remoteInfo = Movies;
		};
/* End PBXContainerItemProxy section */

/* Begin PBXFileReference section */
		2A7CF6930D8A3F1738341D1E /* Pods-MoviesTests.release.xcconfig */ = {isa = PBXFileReference; includeInIndex = 1; lastKnownFileType = text.xcconfig; name = "Pods-MoviesTests.release.xcconfig"; path = "Pods/Target Support Files/Pods-MoviesTests/Pods-MoviesTests.release.xcconfig"; sourceTree = "<group>"; };
		326DD6472A549C8CC86479BF /* Pods_MoviesUITests.framework */ = {isa = PBXFileReference; explicitFileType = wrapper.framework; includeInIndex = 0; path = Pods_MoviesUITests.framework; sourceTree = BUILT_PRODUCTS_DIR; };
		45B10B5A59FB4B6F8F5B04E8 /* Pods-Movies.debug.xcconfig */ = {isa = PBXFileReference; includeInIndex = 1; lastKnownFileType = text.xcconfig; name = "Pods-Movies.debug.xcconfig"; path = "Pods/Target Support Files/Pods-Movies/Pods-Movies.debug.xcconfig"; sourceTree = "<group>"; };
		4AF1C7E474EE9741E106A730 /* Pods_Movies.framework */ = {isa = PBXFileReference; explicitFileType = wrapper.framework; includeInIndex = 0; path = Pods_Movies.framework; sourceTree = BUILT_PRODUCTS_DIR; };
		8F7F63AD3184D4F848368E7C /* Pods_MoviesTests.framework */ = {isa = PBXFileReference; explicitFileType = wrapper.framework; includeInIndex = 0; path = Pods_MoviesTests.framework; sourceTree = BUILT_PRODUCTS_DIR; };
		97ABF5244C524C866AACFFCE /* Pods-Movies.release.xcconfig */ = {isa = PBXFileReference; includeInIndex = 1; lastKnownFileType = text.xcconfig; name = "Pods-Movies.release.xcconfig"; path = "Pods/Target Support Files/Pods-Movies/Pods-Movies.release.xcconfig"; sourceTree = "<group>"; };
		9C36190520011A91000D4E39 /* PopularFilmsPresenter.swift */ = {isa = PBXFileReference; lastKnownFileType = sourcecode.swift; path = PopularFilmsPresenter.swift; sourceTree = "<group>"; };
		9C36190620011A91000D4E39 /* PopularFilmsRouter.swift */ = {isa = PBXFileReference; lastKnownFileType = sourcecode.swift; path = PopularFilmsRouter.swift; sourceTree = "<group>"; };
		9C36190720011A91000D4E39 /* PopularFilmsModels.swift */ = {isa = PBXFileReference; lastKnownFileType = sourcecode.swift; path = PopularFilmsModels.swift; sourceTree = "<group>"; };
		9C36190820011A91000D4E39 /* PopularFilmsViewController.swift */ = {isa = PBXFileReference; lastKnownFileType = sourcecode.swift; path = PopularFilmsViewController.swift; sourceTree = "<group>"; };
		9C36190920011A91000D4E39 /* PopularFilmsInteractor.swift */ = {isa = PBXFileReference; lastKnownFileType = sourcecode.swift; path = PopularFilmsInteractor.swift; sourceTree = "<group>"; };
		9C36190A20011A91000D4E39 /* PopularFilmsConfigurator.swift */ = {isa = PBXFileReference; lastKnownFileType = sourcecode.swift; path = PopularFilmsConfigurator.swift; sourceTree = "<group>"; };
		9C3619122001201B000D4E39 /* PopularFilmCell.xib */ = {isa = PBXFileReference; lastKnownFileType = file.xib; path = PopularFilmCell.xib; sourceTree = "<group>"; };
		9C3B2DDB1FFD62C40031AEC1 /* URLs.swift */ = {isa = PBXFileReference; lastKnownFileType = sourcecode.swift; path = URLs.swift; sourceTree = "<group>"; };
		9C3B2DDD1FFD657B0031AEC1 /* APIKeys.swift */ = {isa = PBXFileReference; lastKnownFileType = sourcecode.swift; path = APIKeys.swift; sourceTree = "<group>"; };
		9C3B2DE11FFD67E10031AEC1 /* TmdbAPIStore.swift */ = {isa = PBXFileReference; lastKnownFileType = sourcecode.swift; path = TmdbAPIStore.swift; sourceTree = "<group>"; };
		9C3B2DE41FFFD0650031AEC1 /* Film.swift */ = {isa = PBXFileReference; lastKnownFileType = sourcecode.swift; path = Film.swift; sourceTree = "<group>"; };
		9C3B2DE91FFFD2960031AEC1 /* FilmMapper.swift */ = {isa = PBXFileReference; lastKnownFileType = sourcecode.swift; path = FilmMapper.swift; sourceTree = "<group>"; };
		9C3B2DEC1FFFD4480031AEC1 /* ResponseSerializable.swift */ = {isa = PBXFileReference; lastKnownFileType = sourcecode.swift; path = ResponseSerializable.swift; sourceTree = "<group>"; };
		9C3B2DFE2000EE300031AEC1 /* PopularFilmCell.swift */ = {isa = PBXFileReference; lastKnownFileType = sourcecode.swift; path = PopularFilmCell.swift; sourceTree = "<group>"; };
		9C3B2E01200117750031AEC1 /* TableView+PopularFilmsVC.swift */ = {isa = PBXFileReference; lastKnownFileType = sourcecode.swift; path = "TableView+PopularFilmsVC.swift"; sourceTree = "<group>"; };
		9C86C90D200151020098C21C /* SearchBar+PopularFilmsVC.swift */ = {isa = PBXFileReference; lastKnownFileType = sourcecode.swift; path = "SearchBar+PopularFilmsVC.swift"; sourceTree = "<group>"; };
		9CF34EC71FFD55CC0025C19C /* Movies.app */ = {isa = PBXFileReference; explicitFileType = wrapper.application; includeInIndex = 0; path = Movies.app; sourceTree = BUILT_PRODUCTS_DIR; };
		9CF34ECA1FFD55CC0025C19C /* AppDelegate.swift */ = {isa = PBXFileReference; lastKnownFileType = sourcecode.swift; path = AppDelegate.swift; sourceTree = "<group>"; };
		9CF34ECF1FFD55CC0025C19C /* Base */ = {isa = PBXFileReference; lastKnownFileType = file.storyboard; name = Base; path = Base.lproj/Main.storyboard; sourceTree = "<group>"; };
		9CF34ED11FFD55CC0025C19C /* Assets.xcassets */ = {isa = PBXFileReference; lastKnownFileType = folder.assetcatalog; path = Assets.xcassets; sourceTree = "<group>"; };
		9CF34ED41FFD55CC0025C19C /* Base */ = {isa = PBXFileReference; lastKnownFileType = file.storyboard; name = Base; path = Base.lproj/LaunchScreen.storyboard; sourceTree = "<group>"; };
		9CF34ED61FFD55CC0025C19C /* Info.plist */ = {isa = PBXFileReference; lastKnownFileType = text.plist.xml; path = Info.plist; sourceTree = "<group>"; };
		9CF34EDB1FFD55CC0025C19C /* MoviesTests.xctest */ = {isa = PBXFileReference; explicitFileType = wrapper.cfbundle; includeInIndex = 0; path = MoviesTests.xctest; sourceTree = BUILT_PRODUCTS_DIR; };
		9CF34EDF1FFD55CC0025C19C /* MoviesTests.swift */ = {isa = PBXFileReference; lastKnownFileType = sourcecode.swift; path = MoviesTests.swift; sourceTree = "<group>"; };
		9CF34EE11FFD55CC0025C19C /* Info.plist */ = {isa = PBXFileReference; lastKnownFileType = text.plist.xml; path = Info.plist; sourceTree = "<group>"; };
		9CF34EE61FFD55CC0025C19C /* MoviesUITests.xctest */ = {isa = PBXFileReference; explicitFileType = wrapper.cfbundle; includeInIndex = 0; path = MoviesUITests.xctest; sourceTree = BUILT_PRODUCTS_DIR; };
		9CF34EEA1FFD55CC0025C19C /* MoviesUITests.swift */ = {isa = PBXFileReference; lastKnownFileType = sourcecode.swift; path = MoviesUITests.swift; sourceTree = "<group>"; };
		9CF34EEC1FFD55CC0025C19C /* Info.plist */ = {isa = PBXFileReference; lastKnownFileType = text.plist.xml; path = Info.plist; sourceTree = "<group>"; };
		A10920F70861CFC3A926F74C /* Pods-MoviesUITests.debug.xcconfig */ = {isa = PBXFileReference; includeInIndex = 1; lastKnownFileType = text.xcconfig; name = "Pods-MoviesUITests.debug.xcconfig"; path = "Pods/Target Support Files/Pods-MoviesUITests/Pods-MoviesUITests.debug.xcconfig"; sourceTree = "<group>"; };
		AAFD8ABB796B0E62B03FBD44 /* Pods-MoviesTests.debug.xcconfig */ = {isa = PBXFileReference; includeInIndex = 1; lastKnownFileType = text.xcconfig; name = "Pods-MoviesTests.debug.xcconfig"; path = "Pods/Target Support Files/Pods-MoviesTests/Pods-MoviesTests.debug.xcconfig"; sourceTree = "<group>"; };
		D607D578568CB21715339205 /* Pods-MoviesUITests.release.xcconfig */ = {isa = PBXFileReference; includeInIndex = 1; lastKnownFileType = text.xcconfig; name = "Pods-MoviesUITests.release.xcconfig"; path = "Pods/Target Support Files/Pods-MoviesUITests/Pods-MoviesUITests.release.xcconfig"; sourceTree = "<group>"; };
/* End PBXFileReference section */

/* Begin PBXFrameworksBuildPhase section */
		9CF34EC41FFD55CC0025C19C /* Frameworks */ = {
			isa = PBXFrameworksBuildPhase;
			buildActionMask = 2147483647;
			files = (
				973992186EEE5D735FB33276 /* Pods_Movies.framework in Frameworks */,
			);
			runOnlyForDeploymentPostprocessing = 0;
		};
		9CF34ED81FFD55CC0025C19C /* Frameworks */ = {
			isa = PBXFrameworksBuildPhase;
			buildActionMask = 2147483647;
			files = (
				CB8F7F42C3E8EF37B2BB92E8 /* Pods_MoviesTests.framework in Frameworks */,
			);
			runOnlyForDeploymentPostprocessing = 0;
		};
		9CF34EE31FFD55CC0025C19C /* Frameworks */ = {
			isa = PBXFrameworksBuildPhase;
			buildActionMask = 2147483647;
			files = (
				4CAF4054E4555230E8215503 /* Pods_MoviesUITests.framework in Frameworks */,
			);
			runOnlyForDeploymentPostprocessing = 0;
		};
/* End PBXFrameworksBuildPhase section */

/* Begin PBXGroup section */
		0313569FBBFF9694B135A119 /* Frameworks */ = {
			isa = PBXGroup;
			children = (
				4AF1C7E474EE9741E106A730 /* Pods_Movies.framework */,
				8F7F63AD3184D4F848368E7C /* Pods_MoviesTests.framework */,
				326DD6472A549C8CC86479BF /* Pods_MoviesUITests.framework */,
			);
			name = Frameworks;
			sourceTree = "<group>";
		};
		8661F7B410464E244713143B /* Pods */ = {
			isa = PBXGroup;
			children = (
				45B10B5A59FB4B6F8F5B04E8 /* Pods-Movies.debug.xcconfig */,
				97ABF5244C524C866AACFFCE /* Pods-Movies.release.xcconfig */,
				AAFD8ABB796B0E62B03FBD44 /* Pods-MoviesTests.debug.xcconfig */,
				2A7CF6930D8A3F1738341D1E /* Pods-MoviesTests.release.xcconfig */,
				A10920F70861CFC3A926F74C /* Pods-MoviesUITests.debug.xcconfig */,
				D607D578568CB21715339205 /* Pods-MoviesUITests.release.xcconfig */,
			);
			name = Pods;
			sourceTree = "<group>";
		};
		9C36191120011FEF000D4E39 /* UI */ = {
			isa = PBXGroup;
			children = (
				9C3B2DFE2000EE300031AEC1 /* PopularFilmCell.swift */,
				9C3619122001201B000D4E39 /* PopularFilmCell.xib */,
			);
			path = UI;
			sourceTree = "<group>";
		};
		9C3B2DDA1FFD62980031AEC1 /* Constants */ = {
			isa = PBXGroup;
			children = (
				9C3B2DDD1FFD657B0031AEC1 /* APIKeys.swift */,
				9C3B2DDB1FFD62C40031AEC1 /* URLs.swift */,
			);
			path = Constants;
			sourceTree = "<group>";
		};
		9C3B2DDF1FFD66E30031AEC1 /* Stores */ = {
			isa = PBXGroup;
			children = (
				9C3B2DE01FFD67730031AEC1 /* API */,
			);
			path = Stores;
			sourceTree = "<group>";
		};
		9C3B2DE01FFD67730031AEC1 /* API */ = {
			isa = PBXGroup;
			children = (
				9C3B2DE11FFD67E10031AEC1 /* TmdbAPIStore.swift */,
			);
			path = API;
			sourceTree = "<group>";
		};
		9C3B2DE31FFFD04A0031AEC1 /* Models */ = {
			isa = PBXGroup;
			children = (
				9C3B2DE41FFFD0650031AEC1 /* Film.swift */,
			);
			path = Models;
			sourceTree = "<group>";
		};
		9C3B2DE61FFFD2690031AEC1 /* Mappers */ = {
			isa = PBXGroup;
			children = (
				9C3B2DEB1FFFD4340031AEC1 /* Common */,
				9C3B2DE91FFFD2960031AEC1 /* FilmMapper.swift */,
			);
			path = Mappers;
			sourceTree = "<group>";
		};
		9C3B2DEB1FFFD4340031AEC1 /* Common */ = {
			isa = PBXGroup;
			children = (
				9C3B2DEC1FFFD4480031AEC1 /* ResponseSerializable.swift */,
			);
			path = Common;
			sourceTree = "<group>";
		};
		9C3B2DEF2000E8940031AEC1 /* Scenes */ = {
			isa = PBXGroup;
			children = (
				9C3B2DFD2000E9780031AEC1 /* CustomCells */,
				9C3B2DF02000E8A00031AEC1 /* PopularFilms */,
			);
			path = Scenes;
			sourceTree = "<group>";
		};
		9C3B2DF02000E8A00031AEC1 /* PopularFilms */ = {
			isa = PBXGroup;
			children = (
				9C36191120011FEF000D4E39 /* UI */,
				9C3B2E002001175E0031AEC1 /* Extensions */,
				9C36190520011A91000D4E39 /* PopularFilmsPresenter.swift */,
				9C36190620011A91000D4E39 /* PopularFilmsRouter.swift */,
				9C36190720011A91000D4E39 /* PopularFilmsModels.swift */,
				9C36190820011A91000D4E39 /* PopularFilmsViewController.swift */,
				9C36190920011A91000D4E39 /* PopularFilmsInteractor.swift */,
				9C36190A20011A91000D4E39 /* PopularFilmsConfigurator.swift */,
			);
			path = PopularFilms;
			sourceTree = "<group>";
		};
		9C3B2DFD2000E9780031AEC1 /* CustomCells */ = {
			isa = PBXGroup;
			children = (
			);
			path = CustomCells;
			sourceTree = "<group>";
		};
		9C3B2E002001175E0031AEC1 /* Extensions */ = {
			isa = PBXGroup;
			children = (
				9C3B2E01200117750031AEC1 /* TableView+PopularFilmsVC.swift */,
				9C86C90D200151020098C21C /* SearchBar+PopularFilmsVC.swift */,
			);
			path = Extensions;
			sourceTree = "<group>";
		};
		9C86C90F200158640098C21C /* Services */ = {
			isa = PBXGroup;
			children = (
				9C3B2DE61FFFD2690031AEC1 /* Mappers */,
				9C3B2DDF1FFD66E30031AEC1 /* Stores */,
			);
			path = Services;
			sourceTree = "<group>";
		};
		9CF34EBE1FFD55CB0025C19C = {
			isa = PBXGroup;
			children = (
				9CF34EC91FFD55CC0025C19C /* Movies */,
				9CF34EDE1FFD55CC0025C19C /* MoviesTests */,
				9CF34EE91FFD55CC0025C19C /* MoviesUITests */,
				9CF34EC81FFD55CC0025C19C /* Products */,
				8661F7B410464E244713143B /* Pods */,
				0313569FBBFF9694B135A119 /* Frameworks */,
			);
			sourceTree = "<group>";
		};
		9CF34EC81FFD55CC0025C19C /* Products */ = {
			isa = PBXGroup;
			children = (
				9CF34EC71FFD55CC0025C19C /* Movies.app */,
				9CF34EDB1FFD55CC0025C19C /* MoviesTests.xctest */,
				9CF34EE61FFD55CC0025C19C /* MoviesUITests.xctest */,
			);
			name = Products;
			sourceTree = "<group>";
		};
		9CF34EC91FFD55CC0025C19C /* Movies */ = {
			isa = PBXGroup;
			children = (
				9C86C90F200158640098C21C /* Services */,
				9C3B2DE31FFFD04A0031AEC1 /* Models */,
				9C3B2DEF2000E8940031AEC1 /* Scenes */,
				9C3B2DDA1FFD62980031AEC1 /* Constants */,
				9CF34ECA1FFD55CC0025C19C /* AppDelegate.swift */,
				9CF34ECE1FFD55CC0025C19C /* Main.storyboard */,
				9CF34ED11FFD55CC0025C19C /* Assets.xcassets */,
				9CF34ED31FFD55CC0025C19C /* LaunchScreen.storyboard */,
				9CF34ED61FFD55CC0025C19C /* Info.plist */,
			);
			path = Movies;
			sourceTree = "<group>";
		};
		9CF34EDE1FFD55CC0025C19C /* MoviesTests */ = {
			isa = PBXGroup;
			children = (
				9CF34EDF1FFD55CC0025C19C /* MoviesTests.swift */,
				9CF34EE11FFD55CC0025C19C /* Info.plist */,
			);
			path = MoviesTests;
			sourceTree = "<group>";
		};
		9CF34EE91FFD55CC0025C19C /* MoviesUITests */ = {
			isa = PBXGroup;
			children = (
				9CF34EEA1FFD55CC0025C19C /* MoviesUITests.swift */,
				9CF34EEC1FFD55CC0025C19C /* Info.plist */,
			);
			path = MoviesUITests;
			sourceTree = "<group>";
		};
/* End PBXGroup section */

/* Begin PBXNativeTarget section */
		9CF34EC61FFD55CC0025C19C /* Movies */ = {
			isa = PBXNativeTarget;
			buildConfigurationList = 9CF34EEF1FFD55CC0025C19C /* Build configuration list for PBXNativeTarget "Movies" */;
			buildPhases = (
				0C33C6C2393A8BA5935766F2 /* [CP] Check Pods Manifest.lock */,
				9CF34EC31FFD55CC0025C19C /* Sources */,
				9CF34EC41FFD55CC0025C19C /* Frameworks */,
				9CF34EC51FFD55CC0025C19C /* Resources */,
				2B45D46FD01974A9388F190A /* [CP] Embed Pods Frameworks */,
				89013D436232BDDDBD4168A1 /* [CP] Copy Pods Resources */,
			);
			buildRules = (
			);
			dependencies = (
			);
			name = Movies;
			productName = Movies;
			productReference = 9CF34EC71FFD55CC0025C19C /* Movies.app */;
			productType = "com.apple.product-type.application";
		};
		9CF34EDA1FFD55CC0025C19C /* MoviesTests */ = {
			isa = PBXNativeTarget;
			buildConfigurationList = 9CF34EF21FFD55CC0025C19C /* Build configuration list for PBXNativeTarget "MoviesTests" */;
			buildPhases = (
				1E53FB16FA20A9AA9E7FE13F /* [CP] Check Pods Manifest.lock */,
				9CF34ED71FFD55CC0025C19C /* Sources */,
				9CF34ED81FFD55CC0025C19C /* Frameworks */,
				9CF34ED91FFD55CC0025C19C /* Resources */,
				5BFFD1B7F4DE491FBFD6FD77 /* [CP] Embed Pods Frameworks */,
				1DF19F34971DA4A5B8114020 /* [CP] Copy Pods Resources */,
			);
			buildRules = (
			);
			dependencies = (
				9CF34EDD1FFD55CC0025C19C /* PBXTargetDependency */,
			);
			name = MoviesTests;
			productName = MoviesTests;
			productReference = 9CF34EDB1FFD55CC0025C19C /* MoviesTests.xctest */;
			productType = "com.apple.product-type.bundle.unit-test";
		};
		9CF34EE51FFD55CC0025C19C /* MoviesUITests */ = {
			isa = PBXNativeTarget;
			buildConfigurationList = 9CF34EF51FFD55CC0025C19C /* Build configuration list for PBXNativeTarget "MoviesUITests" */;
			buildPhases = (
				34234816D6DF4336F6CBC181 /* [CP] Check Pods Manifest.lock */,
				9CF34EE21FFD55CC0025C19C /* Sources */,
				9CF34EE31FFD55CC0025C19C /* Frameworks */,
				9CF34EE41FFD55CC0025C19C /* Resources */,
				3C8601DBF17AC33E77BECAD5 /* [CP] Embed Pods Frameworks */,
				A18BECF413B5D391754A592B /* [CP] Copy Pods Resources */,
			);
			buildRules = (
			);
			dependencies = (
				9CF34EE81FFD55CC0025C19C /* PBXTargetDependency */,
			);
			name = MoviesUITests;
			productName = MoviesUITests;
			productReference = 9CF34EE61FFD55CC0025C19C /* MoviesUITests.xctest */;
			productType = "com.apple.product-type.bundle.ui-testing";
		};
/* End PBXNativeTarget section */

/* Begin PBXProject section */
		9CF34EBF1FFD55CB0025C19C /* Project object */ = {
			isa = PBXProject;
			attributes = {
				LastSwiftUpdateCheck = 0920;
				LastUpgradeCheck = 0920;
				ORGANIZATIONNAME = "Alex Cuello ortiz";
				TargetAttributes = {
					9CF34EC61FFD55CC0025C19C = {
						CreatedOnToolsVersion = 9.2;
						ProvisioningStyle = Automatic;
					};
					9CF34EDA1FFD55CC0025C19C = {
						CreatedOnToolsVersion = 9.2;
						ProvisioningStyle = Automatic;
						TestTargetID = 9CF34EC61FFD55CC0025C19C;
					};
					9CF34EE51FFD55CC0025C19C = {
						CreatedOnToolsVersion = 9.2;
						ProvisioningStyle = Automatic;
						TestTargetID = 9CF34EC61FFD55CC0025C19C;
					};
				};
			};
			buildConfigurationList = 9CF34EC21FFD55CB0025C19C /* Build configuration list for PBXProject "Movies" */;
			compatibilityVersion = "Xcode 8.0";
			developmentRegion = en;
			hasScannedForEncodings = 0;
			knownRegions = (
				en,
				Base,
			);
			mainGroup = 9CF34EBE1FFD55CB0025C19C;
			productRefGroup = 9CF34EC81FFD55CC0025C19C /* Products */;
			projectDirPath = "";
			projectRoot = "";
			targets = (
				9CF34EC61FFD55CC0025C19C /* Movies */,
				9CF34EDA1FFD55CC0025C19C /* MoviesTests */,
				9CF34EE51FFD55CC0025C19C /* MoviesUITests */,
			);
		};
/* End PBXProject section */

/* Begin PBXResourcesBuildPhase section */
		9CF34EC51FFD55CC0025C19C /* Resources */ = {
			isa = PBXResourcesBuildPhase;
			buildActionMask = 2147483647;
			files = (
				9CF34ED51FFD55CC0025C19C /* LaunchScreen.storyboard in Resources */,
				9CF34ED21FFD55CC0025C19C /* Assets.xcassets in Resources */,
				9CF34ED01FFD55CC0025C19C /* Main.storyboard in Resources */,
				9C3619132001201B000D4E39 /* PopularFilmCell.xib in Resources */,
			);
			runOnlyForDeploymentPostprocessing = 0;
		};
		9CF34ED91FFD55CC0025C19C /* Resources */ = {
			isa = PBXResourcesBuildPhase;
			buildActionMask = 2147483647;
			files = (
			);
			runOnlyForDeploymentPostprocessing = 0;
		};
		9CF34EE41FFD55CC0025C19C /* Resources */ = {
			isa = PBXResourcesBuildPhase;
			buildActionMask = 2147483647;
			files = (
			);
			runOnlyForDeploymentPostprocessing = 0;
		};
/* End PBXResourcesBuildPhase section */

/* Begin PBXShellScriptBuildPhase section */
		0C33C6C2393A8BA5935766F2 /* [CP] Check Pods Manifest.lock */ = {
			isa = PBXShellScriptBuildPhase;
			buildActionMask = 2147483647;
			files = (
			);
			inputPaths = (
				"${PODS_PODFILE_DIR_PATH}/Podfile.lock",
				"${PODS_ROOT}/Manifest.lock",
			);
			name = "[CP] Check Pods Manifest.lock";
			outputPaths = (
				"$(DERIVED_FILE_DIR)/Pods-Movies-checkManifestLockResult.txt",
			);
			runOnlyForDeploymentPostprocessing = 0;
			shellPath = /bin/sh;
			shellScript = "diff \"${PODS_PODFILE_DIR_PATH}/Podfile.lock\" \"${PODS_ROOT}/Manifest.lock\" > /dev/null\nif [ $? != 0 ] ; then\n    # print error to STDERR\n    echo \"error: The sandbox is not in sync with the Podfile.lock. Run 'pod install' or update your CocoaPods installation.\" >&2\n    exit 1\nfi\n# This output is used by Xcode 'outputs' to avoid re-running this script phase.\necho \"SUCCESS\" > \"${SCRIPT_OUTPUT_FILE_0}\"\n";
			showEnvVarsInLog = 0;
		};
		1DF19F34971DA4A5B8114020 /* [CP] Copy Pods Resources */ = {
			isa = PBXShellScriptBuildPhase;
			buildActionMask = 2147483647;
			files = (
			);
			inputPaths = (
			);
			name = "[CP] Copy Pods Resources";
			outputPaths = (
			);
			runOnlyForDeploymentPostprocessing = 0;
			shellPath = /bin/sh;
			shellScript = "\"${SRCROOT}/Pods/Target Support Files/Pods-MoviesTests/Pods-MoviesTests-resources.sh\"\n";
			showEnvVarsInLog = 0;
		};
		1E53FB16FA20A9AA9E7FE13F /* [CP] Check Pods Manifest.lock */ = {
			isa = PBXShellScriptBuildPhase;
			buildActionMask = 2147483647;
			files = (
			);
			inputPaths = (
				"${PODS_PODFILE_DIR_PATH}/Podfile.lock",
				"${PODS_ROOT}/Manifest.lock",
			);
			name = "[CP] Check Pods Manifest.lock";
			outputPaths = (
				"$(DERIVED_FILE_DIR)/Pods-MoviesTests-checkManifestLockResult.txt",
			);
			runOnlyForDeploymentPostprocessing = 0;
			shellPath = /bin/sh;
			shellScript = "diff \"${PODS_PODFILE_DIR_PATH}/Podfile.lock\" \"${PODS_ROOT}/Manifest.lock\" > /dev/null\nif [ $? != 0 ] ; then\n    # print error to STDERR\n    echo \"error: The sandbox is not in sync with the Podfile.lock. Run 'pod install' or update your CocoaPods installation.\" >&2\n    exit 1\nfi\n# This output is used by Xcode 'outputs' to avoid re-running this script phase.\necho \"SUCCESS\" > \"${SCRIPT_OUTPUT_FILE_0}\"\n";
			showEnvVarsInLog = 0;
		};
		2B45D46FD01974A9388F190A /* [CP] Embed Pods Frameworks */ = {
			isa = PBXShellScriptBuildPhase;
			buildActionMask = 2147483647;
			files = (
			);
			inputPaths = (
				"${SRCROOT}/Pods/Target Support Files/Pods-Movies/Pods-Movies-frameworks.sh",
				"${BUILT_PRODUCTS_DIR}/Alamofire/Alamofire.framework",
				"${BUILT_PRODUCTS_DIR}/Kingfisher/Kingfisher.framework",
				"${BUILT_PRODUCTS_DIR}/SwiftyJSON/SwiftyJSON.framework",
			);
			name = "[CP] Embed Pods Frameworks";
			outputPaths = (
				"${TARGET_BUILD_DIR}/${FRAMEWORKS_FOLDER_PATH}/Alamofire.framework",
				"${TARGET_BUILD_DIR}/${FRAMEWORKS_FOLDER_PATH}/Kingfisher.framework",
				"${TARGET_BUILD_DIR}/${FRAMEWORKS_FOLDER_PATH}/SwiftyJSON.framework",
			);
			runOnlyForDeploymentPostprocessing = 0;
			shellPath = /bin/sh;
			shellScript = "\"${SRCROOT}/Pods/Target Support Files/Pods-Movies/Pods-Movies-frameworks.sh\"\n";
			showEnvVarsInLog = 0;
		};
		34234816D6DF4336F6CBC181 /* [CP] Check Pods Manifest.lock */ = {
			isa = PBXShellScriptBuildPhase;
			buildActionMask = 2147483647;
			files = (
			);
			inputPaths = (
				"${PODS_PODFILE_DIR_PATH}/Podfile.lock",
				"${PODS_ROOT}/Manifest.lock",
			);
			name = "[CP] Check Pods Manifest.lock";
			outputPaths = (
				"$(DERIVED_FILE_DIR)/Pods-MoviesUITests-checkManifestLockResult.txt",
			);
			runOnlyForDeploymentPostprocessing = 0;
			shellPath = /bin/sh;
			shellScript = "diff \"${PODS_PODFILE_DIR_PATH}/Podfile.lock\" \"${PODS_ROOT}/Manifest.lock\" > /dev/null\nif [ $? != 0 ] ; then\n    # print error to STDERR\n    echo \"error: The sandbox is not in sync with the Podfile.lock. Run 'pod install' or update your CocoaPods installation.\" >&2\n    exit 1\nfi\n# This output is used by Xcode 'outputs' to avoid re-running this script phase.\necho \"SUCCESS\" > \"${SCRIPT_OUTPUT_FILE_0}\"\n";
			showEnvVarsInLog = 0;
		};
		3C8601DBF17AC33E77BECAD5 /* [CP] Embed Pods Frameworks */ = {
			isa = PBXShellScriptBuildPhase;
			buildActionMask = 2147483647;
			files = (
			);
			inputPaths = (
			);
			name = "[CP] Embed Pods Frameworks";
			outputPaths = (
			);
			runOnlyForDeploymentPostprocessing = 0;
			shellPath = /bin/sh;
			shellScript = "\"${SRCROOT}/Pods/Target Support Files/Pods-MoviesUITests/Pods-MoviesUITests-frameworks.sh\"\n";
			showEnvVarsInLog = 0;
		};
		5BFFD1B7F4DE491FBFD6FD77 /* [CP] Embed Pods Frameworks */ = {
			isa = PBXShellScriptBuildPhase;
			buildActionMask = 2147483647;
			files = (
			);
			inputPaths = (
			);
			name = "[CP] Embed Pods Frameworks";
			outputPaths = (
			);
			runOnlyForDeploymentPostprocessing = 0;
			shellPath = /bin/sh;
			shellScript = "\"${SRCROOT}/Pods/Target Support Files/Pods-MoviesTests/Pods-MoviesTests-frameworks.sh\"\n";
			showEnvVarsInLog = 0;
		};
		89013D436232BDDDBD4168A1 /* [CP] Copy Pods Resources */ = {
			isa = PBXShellScriptBuildPhase;
			buildActionMask = 2147483647;
			files = (
			);
			inputPaths = (
			);
			name = "[CP] Copy Pods Resources";
			outputPaths = (
			);
			runOnlyForDeploymentPostprocessing = 0;
			shellPath = /bin/sh;
			shellScript = "\"${SRCROOT}/Pods/Target Support Files/Pods-Movies/Pods-Movies-resources.sh\"\n";
			showEnvVarsInLog = 0;
		};
		A18BECF413B5D391754A592B /* [CP] Copy Pods Resources */ = {
			isa = PBXShellScriptBuildPhase;
			buildActionMask = 2147483647;
			files = (
			);
			inputPaths = (
			);
			name = "[CP] Copy Pods Resources";
			outputPaths = (
			);
			runOnlyForDeploymentPostprocessing = 0;
			shellPath = /bin/sh;
			shellScript = "\"${SRCROOT}/Pods/Target Support Files/Pods-MoviesUITests/Pods-MoviesUITests-resources.sh\"\n";
			showEnvVarsInLog = 0;
		};
/* End PBXShellScriptBuildPhase section */

/* Begin PBXSourcesBuildPhase section */
		9CF34EC31FFD55CC0025C19C /* Sources */ = {
			isa = PBXSourcesBuildPhase;
			buildActionMask = 2147483647;
			files = (
				9C36190D20011A91000D4E39 /* PopularFilmsModels.swift in Sources */,
				9C3B2DFF2000EE300031AEC1 /* PopularFilmCell.swift in Sources */,
				9C36190B20011A91000D4E39 /* PopularFilmsPresenter.swift in Sources */,
				9C86C90E200151020098C21C /* SearchBar+PopularFilmsVC.swift in Sources */,
				9C36190C20011A91000D4E39 /* PopularFilmsRouter.swift in Sources */,
				9C3B2DE51FFFD0650031AEC1 /* Film.swift in Sources */,
				9C3B2DE21FFD67E10031AEC1 /* TmdbAPIStore.swift in Sources */,
				9C3B2DDC1FFD62C40031AEC1 /* URLs.swift in Sources */,
				9C3B2DED1FFFD4480031AEC1 /* ResponseSerializable.swift in Sources */,
				9C3B2DDE1FFD657B0031AEC1 /* APIKeys.swift in Sources */,
				9C36191020011A91000D4E39 /* PopularFilmsConfigurator.swift in Sources */,
				9CF34ECB1FFD55CC0025C19C /* AppDelegate.swift in Sources */,
				9C3B2E02200117750031AEC1 /* TableView+PopularFilmsVC.swift in Sources */,
				9C36190F20011A91000D4E39 /* PopularFilmsInteractor.swift in Sources */,
				9C36190E20011A91000D4E39 /* PopularFilmsViewController.swift in Sources */,
				9C3B2DEA1FFFD2960031AEC1 /* FilmMapper.swift in Sources */,
			);
			runOnlyForDeploymentPostprocessing = 0;
		};
		9CF34ED71FFD55CC0025C19C /* Sources */ = {
			isa = PBXSourcesBuildPhase;
			buildActionMask = 2147483647;
			files = (
				9CF34EE01FFD55CC0025C19C /* MoviesTests.swift in Sources */,
			);
			runOnlyForDeploymentPostprocessing = 0;
		};
		9CF34EE21FFD55CC0025C19C /* Sources */ = {
			isa = PBXSourcesBuildPhase;
			buildActionMask = 2147483647;
			files = (
				9CF34EEB1FFD55CC0025C19C /* MoviesUITests.swift in Sources */,
			);
			runOnlyForDeploymentPostprocessing = 0;
		};
/* End PBXSourcesBuildPhase section */

/* Begin PBXTargetDependency section */
		9CF34EDD1FFD55CC0025C19C /* PBXTargetDependency */ = {
			isa = PBXTargetDependency;
			target = 9CF34EC61FFD55CC0025C19C /* Movies */;
			targetProxy = 9CF34EDC1FFD55CC0025C19C /* PBXContainerItemProxy */;
		};
		9CF34EE81FFD55CC0025C19C /* PBXTargetDependency */ = {
			isa = PBXTargetDependency;
			target = 9CF34EC61FFD55CC0025C19C /* Movies */;
			targetProxy = 9CF34EE71FFD55CC0025C19C /* PBXContainerItemProxy */;
		};
/* End PBXTargetDependency section */

/* Begin PBXVariantGroup section */
		9CF34ECE1FFD55CC0025C19C /* Main.storyboard */ = {
			isa = PBXVariantGroup;
			children = (
				9CF34ECF1FFD55CC0025C19C /* Base */,
			);
			name = Main.storyboard;
			sourceTree = "<group>";
		};
		9CF34ED31FFD55CC0025C19C /* LaunchScreen.storyboard */ = {
			isa = PBXVariantGroup;
			children = (
				9CF34ED41FFD55CC0025C19C /* Base */,
			);
			name = LaunchScreen.storyboard;
			sourceTree = "<group>";
		};
/* End PBXVariantGroup section */

/* Begin XCBuildConfiguration section */
		9CF34EED1FFD55CC0025C19C /* Debug */ = {
			isa = XCBuildConfiguration;
			buildSettings = {
				ALWAYS_SEARCH_USER_PATHS = NO;
				CLANG_ANALYZER_NONNULL = YES;
				CLANG_ANALYZER_NUMBER_OBJECT_CONVERSION = YES_AGGRESSIVE;
				CLANG_CXX_LANGUAGE_STANDARD = "gnu++14";
				CLANG_CXX_LIBRARY = "libc++";
				CLANG_ENABLE_MODULES = YES;
				CLANG_ENABLE_OBJC_ARC = YES;
				CLANG_WARN_BLOCK_CAPTURE_AUTORELEASING = YES;
				CLANG_WARN_BOOL_CONVERSION = YES;
				CLANG_WARN_COMMA = YES;
				CLANG_WARN_CONSTANT_CONVERSION = YES;
				CLANG_WARN_DIRECT_OBJC_ISA_USAGE = YES_ERROR;
				CLANG_WARN_DOCUMENTATION_COMMENTS = YES;
				CLANG_WARN_EMPTY_BODY = YES;
				CLANG_WARN_ENUM_CONVERSION = YES;
				CLANG_WARN_INFINITE_RECURSION = YES;
				CLANG_WARN_INT_CONVERSION = YES;
				CLANG_WARN_NON_LITERAL_NULL_CONVERSION = YES;
				CLANG_WARN_OBJC_LITERAL_CONVERSION = YES;
				CLANG_WARN_OBJC_ROOT_CLASS = YES_ERROR;
				CLANG_WARN_RANGE_LOOP_ANALYSIS = YES;
				CLANG_WARN_STRICT_PROTOTYPES = YES;
				CLANG_WARN_SUSPICIOUS_MOVE = YES;
				CLANG_WARN_UNGUARDED_AVAILABILITY = YES_AGGRESSIVE;
				CLANG_WARN_UNREACHABLE_CODE = YES;
				CLANG_WARN__DUPLICATE_METHOD_MATCH = YES;
				CODE_SIGN_IDENTITY = "iPhone Developer";
				COPY_PHASE_STRIP = NO;
				DEBUG_INFORMATION_FORMAT = dwarf;
				ENABLE_STRICT_OBJC_MSGSEND = YES;
				ENABLE_TESTABILITY = YES;
				GCC_C_LANGUAGE_STANDARD = gnu11;
				GCC_DYNAMIC_NO_PIC = NO;
				GCC_NO_COMMON_BLOCKS = YES;
				GCC_OPTIMIZATION_LEVEL = 0;
				GCC_PREPROCESSOR_DEFINITIONS = (
					"DEBUG=1",
					"$(inherited)",
				);
				GCC_WARN_64_TO_32_BIT_CONVERSION = YES;
				GCC_WARN_ABOUT_RETURN_TYPE = YES_ERROR;
				GCC_WARN_UNDECLARED_SELECTOR = YES;
				GCC_WARN_UNINITIALIZED_AUTOS = YES_AGGRESSIVE;
				GCC_WARN_UNUSED_FUNCTION = YES;
				GCC_WARN_UNUSED_VARIABLE = YES;
				IPHONEOS_DEPLOYMENT_TARGET = 11.2;
				MTL_ENABLE_DEBUG_INFO = YES;
				ONLY_ACTIVE_ARCH = YES;
				SDKROOT = iphoneos;
				SWIFT_ACTIVE_COMPILATION_CONDITIONS = DEBUG;
				SWIFT_OPTIMIZATION_LEVEL = "-Onone";
			};
			name = Debug;
		};
		9CF34EEE1FFD55CC0025C19C /* Release */ = {
			isa = XCBuildConfiguration;
			buildSettings = {
				ALWAYS_SEARCH_USER_PATHS = NO;
				CLANG_ANALYZER_NONNULL = YES;
				CLANG_ANALYZER_NUMBER_OBJECT_CONVERSION = YES_AGGRESSIVE;
				CLANG_CXX_LANGUAGE_STANDARD = "gnu++14";
				CLANG_CXX_LIBRARY = "libc++";
				CLANG_ENABLE_MODULES = YES;
				CLANG_ENABLE_OBJC_ARC = YES;
				CLANG_WARN_BLOCK_CAPTURE_AUTORELEASING = YES;
				CLANG_WARN_BOOL_CONVERSION = YES;
				CLANG_WARN_COMMA = YES;
				CLANG_WARN_CONSTANT_CONVERSION = YES;
				CLANG_WARN_DIRECT_OBJC_ISA_USAGE = YES_ERROR;
				CLANG_WARN_DOCUMENTATION_COMMENTS = YES;
				CLANG_WARN_EMPTY_BODY = YES;
				CLANG_WARN_ENUM_CONVERSION = YES;
				CLANG_WARN_INFINITE_RECURSION = YES;
				CLANG_WARN_INT_CONVERSION = YES;
				CLANG_WARN_NON_LITERAL_NULL_CONVERSION = YES;
				CLANG_WARN_OBJC_LITERAL_CONVERSION = YES;
				CLANG_WARN_OBJC_ROOT_CLASS = YES_ERROR;
				CLANG_WARN_RANGE_LOOP_ANALYSIS = YES;
				CLANG_WARN_STRICT_PROTOTYPES = YES;
				CLANG_WARN_SUSPICIOUS_MOVE = YES;
				CLANG_WARN_UNGUARDED_AVAILABILITY = YES_AGGRESSIVE;
				CLANG_WARN_UNREACHABLE_CODE = YES;
				CLANG_WARN__DUPLICATE_METHOD_MATCH = YES;
				CODE_SIGN_IDENTITY = "iPhone Developer";
				COPY_PHASE_STRIP = NO;
				DEBUG_INFORMATION_FORMAT = "dwarf-with-dsym";
				ENABLE_NS_ASSERTIONS = NO;
				ENABLE_STRICT_OBJC_MSGSEND = YES;
				GCC_C_LANGUAGE_STANDARD = gnu11;
				GCC_NO_COMMON_BLOCKS = YES;
				GCC_WARN_64_TO_32_BIT_CONVERSION = YES;
				GCC_WARN_ABOUT_RETURN_TYPE = YES_ERROR;
				GCC_WARN_UNDECLARED_SELECTOR = YES;
				GCC_WARN_UNINITIALIZED_AUTOS = YES_AGGRESSIVE;
				GCC_WARN_UNUSED_FUNCTION = YES;
				GCC_WARN_UNUSED_VARIABLE = YES;
				IPHONEOS_DEPLOYMENT_TARGET = 11.2;
				MTL_ENABLE_DEBUG_INFO = NO;
				SDKROOT = iphoneos;
				SWIFT_OPTIMIZATION_LEVEL = "-Owholemodule";
				VALIDATE_PRODUCT = YES;
			};
			name = Release;
		};
		9CF34EF01FFD55CC0025C19C /* Debug */ = {
			isa = XCBuildConfiguration;
			baseConfigurationReference = 45B10B5A59FB4B6F8F5B04E8 /* Pods-Movies.debug.xcconfig */;
			buildSettings = {
				ASSETCATALOG_COMPILER_APPICON_NAME = AppIcon;
				CODE_SIGN_STYLE = Automatic;
				DEVELOPMENT_TEAM = NAG675D7L7;
				INFOPLIST_FILE = Movies/Info.plist;
				LD_RUNPATH_SEARCH_PATHS = "$(inherited) @executable_path/Frameworks";
				PRODUCT_BUNDLE_IDENTIFIER = com.Eironeia.MoviesTmdb;
				PRODUCT_NAME = "$(TARGET_NAME)";
				SWIFT_VERSION = 4.0;
				TARGETED_DEVICE_FAMILY = "1,2";
			};
			name = Debug;
		};
		9CF34EF11FFD55CC0025C19C /* Release */ = {
			isa = XCBuildConfiguration;
			baseConfigurationReference = 97ABF5244C524C866AACFFCE /* Pods-Movies.release.xcconfig */;
			buildSettings = {
				ASSETCATALOG_COMPILER_APPICON_NAME = AppIcon;
				CODE_SIGN_STYLE = Automatic;
				DEVELOPMENT_TEAM = NAG675D7L7;
				INFOPLIST_FILE = Movies/Info.plist;
				LD_RUNPATH_SEARCH_PATHS = "$(inherited) @executable_path/Frameworks";
				PRODUCT_BUNDLE_IDENTIFIER = com.Eironeia.MoviesTmdb;
				PRODUCT_NAME = "$(TARGET_NAME)";
				SWIFT_VERSION = 4.0;
				TARGETED_DEVICE_FAMILY = "1,2";
			};
			name = Release;
		};
		9CF34EF31FFD55CC0025C19C /* Debug */ = {
			isa = XCBuildConfiguration;
			baseConfigurationReference = AAFD8ABB796B0E62B03FBD44 /* Pods-MoviesTests.debug.xcconfig */;
			buildSettings = {
				ALWAYS_EMBED_SWIFT_STANDARD_LIBRARIES = YES;
				BUNDLE_LOADER = "$(TEST_HOST)";
				CODE_SIGN_STYLE = Automatic;
				DEVELOPMENT_TEAM = AJGRT7QY2H;
				INFOPLIST_FILE = MoviesTests/Info.plist;
				LD_RUNPATH_SEARCH_PATHS = "$(inherited) @executable_path/Frameworks @loader_path/Frameworks";
				PRODUCT_BUNDLE_IDENTIFIER = com.Eironeia.MoviesTests;
				PRODUCT_NAME = "$(TARGET_NAME)";
				SWIFT_VERSION = 4.0;
				TARGETED_DEVICE_FAMILY = "1,2";
				TEST_HOST = "$(BUILT_PRODUCTS_DIR)/Movies.app/Movies";
			};
			name = Debug;
		};
		9CF34EF41FFD55CC0025C19C /* Release */ = {
			isa = XCBuildConfiguration;
			baseConfigurationReference = 2A7CF6930D8A3F1738341D1E /* Pods-MoviesTests.release.xcconfig */;
			buildSettings = {
				ALWAYS_EMBED_SWIFT_STANDARD_LIBRARIES = YES;
				BUNDLE_LOADER = "$(TEST_HOST)";
				CODE_SIGN_STYLE = Automatic;
				DEVELOPMENT_TEAM = AJGRT7QY2H;
				INFOPLIST_FILE = MoviesTests/Info.plist;
				LD_RUNPATH_SEARCH_PATHS = "$(inherited) @executable_path/Frameworks @loader_path/Frameworks";
				PRODUCT_BUNDLE_IDENTIFIER = com.Eironeia.MoviesTests;
				PRODUCT_NAME = "$(TARGET_NAME)";
				SWIFT_VERSION = 4.0;
				TARGETED_DEVICE_FAMILY = "1,2";
				TEST_HOST = "$(BUILT_PRODUCTS_DIR)/Movies.app/Movies";
			};
			name = Release;
		};
		9CF34EF61FFD55CC0025C19C /* Debug */ = {
			isa = XCBuildConfiguration;
			baseConfigurationReference = A10920F70861CFC3A926F74C /* Pods-MoviesUITests.debug.xcconfig */;
			buildSettings = {
				ALWAYS_EMBED_SWIFT_STANDARD_LIBRARIES = YES;
				CODE_SIGN_STYLE = Automatic;
				DEVELOPMENT_TEAM = AJGRT7QY2H;
				INFOPLIST_FILE = MoviesUITests/Info.plist;
				LD_RUNPATH_SEARCH_PATHS = "$(inherited) @executable_path/Frameworks @loader_path/Frameworks";
				PRODUCT_BUNDLE_IDENTIFIER = com.Eironeia.MoviesUITests;
				PRODUCT_NAME = "$(TARGET_NAME)";
				SWIFT_VERSION = 4.0;
				TARGETED_DEVICE_FAMILY = "1,2";
				TEST_TARGET_NAME = Movies;
			};
			name = Debug;
		};
		9CF34EF71FFD55CC0025C19C /* Release */ = {
			isa = XCBuildConfiguration;
			baseConfigurationReference = D607D578568CB21715339205 /* Pods-MoviesUITests.release.xcconfig */;
			buildSettings = {
				ALWAYS_EMBED_SWIFT_STANDARD_LIBRARIES = YES;
				CODE_SIGN_STYLE = Automatic;
				DEVELOPMENT_TEAM = AJGRT7QY2H;
				INFOPLIST_FILE = MoviesUITests/Info.plist;
				LD_RUNPATH_SEARCH_PATHS = "$(inherited) @executable_path/Frameworks @loader_path/Frameworks";
				PRODUCT_BUNDLE_IDENTIFIER = com.Eironeia.MoviesUITests;
				PRODUCT_NAME = "$(TARGET_NAME)";
				SWIFT_VERSION = 4.0;
				TARGETED_DEVICE_FAMILY = "1,2";
				TEST_TARGET_NAME = Movies;
			};
			name = Release;
		};
/* End XCBuildConfiguration section */

/* Begin XCConfigurationList section */
		9CF34EC21FFD55CB0025C19C /* Build configuration list for PBXProject "Movies" */ = {
			isa = XCConfigurationList;
			buildConfigurations = (
				9CF34EED1FFD55CC0025C19C /* Debug */,
				9CF34EEE1FFD55CC0025C19C /* Release */,
			);
			defaultConfigurationIsVisible = 0;
			defaultConfigurationName = Release;
		};
		9CF34EEF1FFD55CC0025C19C /* Build configuration list for PBXNativeTarget "Movies" */ = {
			isa = XCConfigurationList;
			buildConfigurations = (
				9CF34EF01FFD55CC0025C19C /* Debug */,
				9CF34EF11FFD55CC0025C19C /* Release */,
			);
			defaultConfigurationIsVisible = 0;
			defaultConfigurationName = Release;
		};
		9CF34EF21FFD55CC0025C19C /* Build configuration list for PBXNativeTarget "MoviesTests" */ = {
			isa = XCConfigurationList;
			buildConfigurations = (
				9CF34EF31FFD55CC0025C19C /* Debug */,
				9CF34EF41FFD55CC0025C19C /* Release */,
			);
			defaultConfigurationIsVisible = 0;
			defaultConfigurationName = Release;
		};
		9CF34EF51FFD55CC0025C19C /* Build configuration list for PBXNativeTarget "MoviesUITests" */ = {
			isa = XCConfigurationList;
			buildConfigurations = (
				9CF34EF61FFD55CC0025C19C /* Debug */,
				9CF34EF71FFD55CC0025C19C /* Release */,
			);
			defaultConfigurationIsVisible = 0;
			defaultConfigurationName = Release;
		};
/* End XCConfigurationList section */
	};
	rootObject = 9CF34EBF1FFD55CB0025C19C /* Project object */;
}
